
Microsoft Visual Studio Solution File, Format Version 12.00
# Visual Studio Version 16
VisualStudioVersion = 16.0.31105.61
MinimumVisualStudioVersion = 10.0.40219.1
Project("{FAE04EC0-301F-11D3-BF4B-00C04F79EFBC}") = "Unknown6656.Experimental.Equations", "Unknown6656.Experimental.Equations.csproj", "{68508B28-55DF-4BBD-A5E5-73757683A826}"
EndProject
Project("{F2A71F9B-5D33-465A-A702-920D77279786}") = "Unknown6656.Experimental.Equations.FSharp", "Unknown6656.Experimental.Equations.FSharp\Unknown6656.Experimental.Equations.FSharp.fsproj", "{A32369A3-9AD0-4E03-A763-D3041DBFC9F6}"
EndProject
Global
	GlobalSection(SolutionConfigurationPlatforms) = preSolution
		Debug|Any CPU = Debug|Any CPU
		Release|Any CPU = Release|Any CPU
	EndGlobalSection
	GlobalSection(ProjectConfigurationPlatforms) = postSolution
		{68508B28-55DF-4BBD-A5E5-73757683A826}.Debug|Any CPU.ActiveCfg = Debug|Any CPU
		{68508B28-55DF-4BBD-A5E5-73757683A826}.Debug|Any CPU.Build.0 = Debug|Any CPU
		{68508B28-55DF-4BBD-A5E5-73757683A826}.Release|Any CPU.ActiveCfg = Release|Any CPU
		{68508B28-55DF-4BBD-A5E5-73757683A826}.Release|Any CPU.Build.0 = Release|Any CPU
		{A32369A3-9AD0-4E03-A763-D3041DBFC9F6}.Debug|Any CPU.ActiveCfg = Debug|Any CPU
		{A32369A3-9AD0-4E03-A763-D3041DBFC9F6}.Debug|Any CPU.Build.0 = Debug|Any CPU
		{A32369A3-9AD0-4E03-A763-D3041DBFC9F6}.Release|Any CPU.ActiveCfg = Release|Any CPU
		{A32369A3-9AD0-4E03-A763-D3041DBFC9F6}.Release|Any CPU.Build.0 = Release|Any CPU
	EndGlobalSection
	GlobalSection(SolutionProperties) = preSolution
		HideSolutionNode = FALSE
	EndGlobalSection
	GlobalSection(ExtensibilityGlobals) = postSolution
		SolutionGuid = {192F1D20-BC9A-4274-9F34-44DD48EB8726}
	EndGlobalSection
EndGlobal
